
Microsoft Visual Studio Solution File, Format Version 12.00
Project("{FAE04EC0-301F-11D3-BF4B-00C04F79EFBC}") = "WeatherSearch", "WeatherSearch\WeatherSearch.csproj", "{0AF36BBF-E6BB-40E5-AC0E-69969EEA274E}"
EndProject
Project("{FAE04EC0-301F-11D3-BF4B-00C04F79EFBC}") = "WeatherSearch.DL", "WeatherSearch.DL\WeatherSearch.DL.csproj", "{DD317A7E-C9E1-4F84-80AE-1948B241829E}"
EndProject
Project("{FAE04EC0-301F-11D3-BF4B-00C04F79EFBC}") = "WeatherSearch.Models", "WeatherSearch.Models\WeatherSearch.Models.csproj", "{B00BD736-6F00-48F7-8E57-1FEEB4068B8D}"
EndProject
Global
	GlobalSection(SolutionConfigurationPlatforms) = preSolution
		Debug|Any CPU = Debug|Any CPU
		Release|Any CPU = Release|Any CPU
	EndGlobalSection
	GlobalSection(ProjectConfigurationPlatforms) = postSolution
		{0AF36BBF-E6BB-40E5-AC0E-69969EEA274E}.Debug|Any CPU.ActiveCfg = Debug|Any CPU
		{0AF36BBF-E6BB-40E5-AC0E-69969EEA274E}.Debug|Any CPU.Build.0 = Debug|Any CPU
		{0AF36BBF-E6BB-40E5-AC0E-69969EEA274E}.Release|Any CPU.ActiveCfg = Release|Any CPU
		{0AF36BBF-E6BB-40E5-AC0E-69969EEA274E}.Release|Any CPU.Build.0 = Release|Any CPU
		{DD317A7E-C9E1-4F84-80AE-1948B241829E}.Debug|Any CPU.ActiveCfg = Debug|Any CPU
		{DD317A7E-C9E1-4F84-80AE-1948B241829E}.Debug|Any CPU.Build.0 = Debug|Any CPU
		{DD317A7E-C9E1-4F84-80AE-1948B241829E}.Release|Any CPU.ActiveCfg = Release|Any CPU
		{DD317A7E-C9E1-4F84-80AE-1948B241829E}.Release|Any CPU.Build.0 = Release|Any CPU
		{B00BD736-6F00-48F7-8E57-1FEEB4068B8D}.Debug|Any CPU.ActiveCfg = Debug|Any CPU
		{B00BD736-6F00-48F7-8E57-1FEEB4068B8D}.Debug|Any CPU.Build.0 = Debug|Any CPU
		{B00BD736-6F00-48F7-8E57-1FEEB4068B8D}.Release|Any CPU.ActiveCfg = Release|Any CPU
		{B00BD736-6F00-48F7-8E57-1FEEB4068B8D}.Release|Any CPU.Build.0 = Release|Any CPU
	EndGlobalSection
EndGlobal
